
Microsoft Visual Studio Solution File, Format Version 12.00
# Visual Studio Version 17
VisualStudioVersion = 17.11.35303.130
MinimumVisualStudioVersion = 10.0.40219.1
Project("{FAE04EC0-301F-11D3-BF4B-00C04F79EFBC}") = "TestApp", "TestApp\TestApp.csproj", "{EC409885-04E2-4546-8E45-B12F5EDD0D42}"
EndProject
Global
	GlobalSection(SolutionConfigurationPlatforms) = preSolution
		Debug|Any CPU = Debug|Any CPU
		Release|Any CPU = Release|Any CPU
	EndGlobalSection
	GlobalSection(ProjectConfigurationPlatforms) = postSolution
		{EC409885-04E2-4546-8E45-B12F5EDD0D42}.Debug|Any CPU.ActiveCfg = Debug|Any CPU
		{EC409885-04E2-4546-8E45-B12F5EDD0D42}.Debug|Any CPU.Build.0 = Debug|Any CPU
		{EC409885-04E2-4546-8E45-B12F5EDD0D42}.Release|Any CPU.ActiveCfg = Release|Any CPU
		{EC409885-04E2-4546-8E45-B12F5EDD0D42}.Release|Any CPU.Build.0 = Release|Any CPU
	EndGlobalSection
	GlobalSection(SolutionProperties) = preSolution
		HideSolutionNode = FALSE
	EndGlobalSection
	GlobalSection(ExtensibilityGlobals) = postSolution
		SolutionGuid = {27682EE2-EF44-4FC8-9725-E25397495E95}
	EndGlobalSection
EndGlobal
